// !$*UTF8*$!
{
	archiveVersion = 1;
	classes = {
	};
	objectVersion = 50;
	objects = {

/* Begin PBXBuildFile section */
		9464F7CD57FD13B4FE2720F5 /* Pods_WeatherMonkey.framework in Frameworks */ = {isa = PBXBuildFile; fileRef = A78ADE49D5DE3BF093344C1F /* Pods_WeatherMonkey.framework */; };
		A56EAB3D20CEFB7A00AD659F /* WeatherController.swift in Sources */ = {isa = PBXBuildFile; fileRef = A56EAB3C20CEFB7A00AD659F /* WeatherController.swift */; };
		A59999D420CEA5D10072D412 /* AppDelegate.swift in Sources */ = {isa = PBXBuildFile; fileRef = A59999D320CEA5D10072D412 /* AppDelegate.swift */; };
		A59999D620CEA5D10072D412 /* CityListController.swift in Sources */ = {isa = PBXBuildFile; fileRef = A59999D520CEA5D10072D412 /* CityListController.swift */; };
		A59999D920CEA5D10072D412 /* Main.storyboard in Resources */ = {isa = PBXBuildFile; fileRef = A59999D720CEA5D10072D412 /* Main.storyboard */; };
		A59999DB20CEA5D40072D412 /* Assets.xcassets in Resources */ = {isa = PBXBuildFile; fileRef = A59999DA20CEA5D40072D412 /* Assets.xcassets */; };
		A59999DE20CEA5D40072D412 /* LaunchScreen.storyboard in Resources */ = {isa = PBXBuildFile; fileRef = A59999DC20CEA5D40072D412 /* LaunchScreen.storyboard */; };
		A5BF916320CEEF7700701525 /* Weather.swift in Sources */ = {isa = PBXBuildFile; fileRef = A5BF916220CEEF7700701525 /* Weather.swift */; };
/* End PBXBuildFile section */

/* Begin PBXFileReference section */
		2ABA226DFEEF84883123DD6A /* Pods-WeatherMonkey.debug.xcconfig */ = {isa = PBXFileReference; includeInIndex = 1; lastKnownFileType = text.xcconfig; name = "Pods-WeatherMonkey.debug.xcconfig"; path = "Pods/Target Support Files/Pods-WeatherMonkey/Pods-WeatherMonkey.debug.xcconfig"; sourceTree = "<group>"; };
		670A21436965E4D7D9DE166F /* Pods-WeatherMonkey.release.xcconfig */ = {isa = PBXFileReference; includeInIndex = 1; lastKnownFileType = text.xcconfig; name = "Pods-WeatherMonkey.release.xcconfig"; path = "Pods/Target Support Files/Pods-WeatherMonkey/Pods-WeatherMonkey.release.xcconfig"; sourceTree = "<group>"; };
		A56EAB3C20CEFB7A00AD659F /* WeatherController.swift */ = {isa = PBXFileReference; lastKnownFileType = sourcecode.swift; path = WeatherController.swift; sourceTree = "<group>"; };
		A59999D020CEA5D10072D412 /* WeatherMonkey.app */ = {isa = PBXFileReference; explicitFileType = wrapper.application; includeInIndex = 0; path = WeatherMonkey.app; sourceTree = BUILT_PRODUCTS_DIR; };
		A59999D320CEA5D10072D412 /* AppDelegate.swift */ = {isa = PBXFileReference; lastKnownFileType = sourcecode.swift; path = AppDelegate.swift; sourceTree = "<group>"; };
		A59999D520CEA5D10072D412 /* CityListController.swift */ = {isa = PBXFileReference; lastKnownFileType = sourcecode.swift; path = CityListController.swift; sourceTree = "<group>"; };
		A59999D820CEA5D10072D412 /* Base */ = {isa = PBXFileReference; lastKnownFileType = file.storyboard; name = Base; path = Base.lproj/Main.storyboard; sourceTree = "<group>"; };
		A59999DA20CEA5D40072D412 /* Assets.xcassets */ = {isa = PBXFileReference; lastKnownFileType = folder.assetcatalog; path = Assets.xcassets; sourceTree = "<group>"; };
		A59999DD20CEA5D40072D412 /* Base */ = {isa = PBXFileReference; lastKnownFileType = file.storyboard; name = Base; path = Base.lproj/LaunchScreen.storyboard; sourceTree = "<group>"; };
		A59999DF20CEA5D40072D412 /* Info.plist */ = {isa = PBXFileReference; lastKnownFileType = text.plist.xml; path = Info.plist; sourceTree = "<group>"; };
		A5BF916220CEEF7700701525 /* Weather.swift */ = {isa = PBXFileReference; lastKnownFileType = sourcecode.swift; path = Weather.swift; sourceTree = "<group>"; };
		A78ADE49D5DE3BF093344C1F /* Pods_WeatherMonkey.framework */ = {isa = PBXFileReference; explicitFileType = wrapper.framework; includeInIndex = 0; path = Pods_WeatherMonkey.framework; sourceTree = BUILT_PRODUCTS_DIR; };
/* End PBXFileReference section */

/* Begin PBXFrameworksBuildPhase section */
		A59999CD20CEA5D10072D412 /* Frameworks */ = {
			isa = PBXFrameworksBuildPhase;
			buildActionMask = 2147483647;
			files = (
				9464F7CD57FD13B4FE2720F5 /* Pods_WeatherMonkey.framework in Frameworks */,
			);
			runOnlyForDeploymentPostprocessing = 0;
		};
/* End PBXFrameworksBuildPhase section */

/* Begin PBXGroup section */
		003DA5EBE343662CF7F05D02 /* Frameworks */ = {
			isa = PBXGroup;
			children = (
				A78ADE49D5DE3BF093344C1F /* Pods_WeatherMonkey.framework */,
			);
			name = Frameworks;
			sourceTree = "<group>";
		};
		019F7E57CC06C807A73175A4 /* Pods */ = {
			isa = PBXGroup;
			children = (
				2ABA226DFEEF84883123DD6A /* Pods-WeatherMonkey.debug.xcconfig */,
				670A21436965E4D7D9DE166F /* Pods-WeatherMonkey.release.xcconfig */,
			);
			name = Pods;
			sourceTree = "<group>";
		};
		A59999C720CEA5D00072D412 = {
			isa = PBXGroup;
			children = (
				A59999D220CEA5D10072D412 /* WeatherMonkey */,
				A59999D120CEA5D10072D412 /* Products */,
				019F7E57CC06C807A73175A4 /* Pods */,
				003DA5EBE343662CF7F05D02 /* Frameworks */,
			);
			sourceTree = "<group>";
		};
		A59999D120CEA5D10072D412 /* Products */ = {
			isa = PBXGroup;
			children = (
				A59999D020CEA5D10072D412 /* WeatherMonkey.app */,
			);
			name = Products;
			sourceTree = "<group>";
		};
		A59999D220CEA5D10072D412 /* WeatherMonkey */ = {
			isa = PBXGroup;
			children = (
				A59999D320CEA5D10072D412 /* AppDelegate.swift */,
				A5BF915F20CEEEED00701525 /* Controller */,
				A5BF915E20CEEEDE00701525 /* Model */,
				A5BF916020CEEEFC00701525 /* View */,
				A5BF916120CEEF4200701525 /* Supporting Files */,
				A59999DF20CEA5D40072D412 /* Info.plist */,
			);
			path = WeatherMonkey;
			sourceTree = "<group>";
		};
		A5BF915E20CEEEDE00701525 /* Model */ = {
			isa = PBXGroup;
			children = (
				A5BF916220CEEF7700701525 /* Weather.swift */,
			);
			path = Model;
			sourceTree = "<group>";
		};
		A5BF915F20CEEEED00701525 /* Controller */ = {
			isa = PBXGroup;
			children = (
				A59999D520CEA5D10072D412 /* CityListController.swift */,
				A56EAB3C20CEFB7A00AD659F /* WeatherController.swift */,
			);
			path = Controller;
			sourceTree = "<group>";
		};
		A5BF916020CEEEFC00701525 /* View */ = {
			isa = PBXGroup;
			children = (
				A59999D720CEA5D10072D412 /* Main.storyboard */,
			);
			path = View;
			sourceTree = "<group>";
		};
		A5BF916120CEEF4200701525 /* Supporting Files */ = {
			isa = PBXGroup;
			children = (
				A59999DA20CEA5D40072D412 /* Assets.xcassets */,
				A59999DC20CEA5D40072D412 /* LaunchScreen.storyboard */,
			);
			path = "Supporting Files";
			sourceTree = "<group>";
		};
/* End PBXGroup section */

/* Begin PBXNativeTarget section */
		A59999CF20CEA5D10072D412 /* WeatherMonkey */ = {
			isa = PBXNativeTarget;
			buildConfigurationList = A59999E220CEA5D40072D412 /* Build configuration list for PBXNativeTarget "WeatherMonkey" */;
			buildPhases = (
				EDF5CAE55CC9EE7DDC48258F /* [CP] Check Pods Manifest.lock */,
				A59999CC20CEA5D10072D412 /* Sources */,
				A59999CD20CEA5D10072D412 /* Frameworks */,
				A59999CE20CEA5D10072D412 /* Resources */,
				97711570421FBC1690BE3F9D /* [CP] Embed Pods Frameworks */,
			);
			buildRules = (
			);
			dependencies = (
			);
			name = WeatherMonkey;
			productName = WeatherMonkey;
			productReference = A59999D020CEA5D10072D412 /* WeatherMonkey.app */;
			productType = "com.apple.product-type.application";
		};
/* End PBXNativeTarget section */

/* Begin PBXProject section */
		A59999C820CEA5D10072D412 /* Project object */ = {
			isa = PBXProject;
			attributes = {
				LastSwiftUpdateCheck = 0940;
				LastUpgradeCheck = 0940;
				ORGANIZATIONNAME = "Marko Vukušić";
				TargetAttributes = {
					A59999CF20CEA5D10072D412 = {
						CreatedOnToolsVersion = 9.4;
					};
				};
			};
			buildConfigurationList = A59999CB20CEA5D10072D412 /* Build configuration list for PBXProject "WeatherMonkey" */;
			compatibilityVersion = "Xcode 9.3";
			developmentRegion = en;
			hasScannedForEncodings = 0;
			knownRegions = (
				en,
				Base,
			);
			mainGroup = A59999C720CEA5D00072D412;
			productRefGroup = A59999D120CEA5D10072D412 /* Products */;
			projectDirPath = "";
			projectRoot = "";
			targets = (
				A59999CF20CEA5D10072D412 /* WeatherMonkey */,
			);
		};
/* End PBXProject section */

/* Begin PBXResourcesBuildPhase section */
		A59999CE20CEA5D10072D412 /* Resources */ = {
			isa = PBXResourcesBuildPhase;
			buildActionMask = 2147483647;
			files = (
				A59999DE20CEA5D40072D412 /* LaunchScreen.storyboard in Resources */,
				A59999DB20CEA5D40072D412 /* Assets.xcassets in Resources */,
				A59999D920CEA5D10072D412 /* Main.storyboard in Resources */,
			);
			runOnlyForDeploymentPostprocessing = 0;
		};
/* End PBXResourcesBuildPhase section */

/* Begin PBXShellScriptBuildPhase section */
		97711570421FBC1690BE3F9D /* [CP] Embed Pods Frameworks */ = {
			isa = PBXShellScriptBuildPhase;
			buildActionMask = 2147483647;
			files = (
			);
			inputPaths = (
				"${SRCROOT}/Pods/Target Support Files/Pods-WeatherMonkey/Pods-WeatherMonkey-frameworks.sh",
				"${BUILT_PRODUCTS_DIR}/Alamofire/Alamofire.framework",
				"${BUILT_PRODUCTS_DIR}/SwiftyJSON/SwiftyJSON.framework",
				"${BUILT_PRODUCTS_DIR}/SwipeCellKit/SwipeCellKit.framework",
			);
			name = "[CP] Embed Pods Frameworks";
			outputPaths = (
				"${TARGET_BUILD_DIR}/${FRAMEWORKS_FOLDER_PATH}/Alamofire.framework",
				"${TARGET_BUILD_DIR}/${FRAMEWORKS_FOLDER_PATH}/SwiftyJSON.framework",
				"${TARGET_BUILD_DIR}/${FRAMEWORKS_FOLDER_PATH}/SwipeCellKit.framework",
			);
			runOnlyForDeploymentPostprocessing = 0;
			shellPath = /bin/sh;
			shellScript = "\"${SRCROOT}/Pods/Target Support Files/Pods-WeatherMonkey/Pods-WeatherMonkey-frameworks.sh\"\n";
			showEnvVarsInLog = 0;
		};
		EDF5CAE55CC9EE7DDC48258F /* [CP] Check Pods Manifest.lock */ = {
			isa = PBXShellScriptBuildPhase;
			buildActionMask = 2147483647;
			files = (
			);
			inputPaths = (
				"${PODS_PODFILE_DIR_PATH}/Podfile.lock",
				"${PODS_ROOT}/Manifest.lock",
			);
			name = "[CP] Check Pods Manifest.lock";
			outputPaths = (
				"$(DERIVED_FILE_DIR)/Pods-WeatherMonkey-checkManifestLockResult.txt",
			);
			runOnlyForDeploymentPostprocessing = 0;
			shellPath = /bin/sh;
			shellScript = "diff \"${PODS_PODFILE_DIR_PATH}/Podfile.lock\" \"${PODS_ROOT}/Manifest.lock\" > /dev/null\nif [ $? != 0 ] ; then\n    # print error to STDERR\n    echo \"error: The sandbox is not in sync with the Podfile.lock. Run 'pod install' or update your CocoaPods installation.\" >&2\n    exit 1\nfi\n# This output is used by Xcode 'outputs' to avoid re-running this script phase.\necho \"SUCCESS\" > \"${SCRIPT_OUTPUT_FILE_0}\"\n";
			showEnvVarsInLog = 0;
		};
/* End PBXShellScriptBuildPhase section */

/* Begin PBXSourcesBuildPhase section */
		A59999CC20CEA5D10072D412 /* Sources */ = {
			isa = PBXSourcesBuildPhase;
			buildActionMask = 2147483647;
			files = (
				A56EAB3D20CEFB7A00AD659F /* WeatherController.swift in Sources */,
				A59999D620CEA5D10072D412 /* CityListController.swift in Sources */,
				A59999D420CEA5D10072D412 /* AppDelegate.swift in Sources */,
				A5BF916320CEEF7700701525 /* Weather.swift in Sources */,
			);
			runOnlyForDeploymentPostprocessing = 0;
		};
/* End PBXSourcesBuildPhase section */

/* Begin PBXVariantGroup section */
		A59999D720CEA5D10072D412 /* Main.storyboard */ = {
			isa = PBXVariantGroup;
			children = (
				A59999D820CEA5D10072D412 /* Base */,
			);
			name = Main.storyboard;
			sourceTree = "<group>";
		};
		A59999DC20CEA5D40072D412 /* LaunchScreen.storyboard */ = {
			isa = PBXVariantGroup;
			children = (
				A59999DD20CEA5D40072D412 /* Base */,
			);
			name = LaunchScreen.storyboard;
			sourceTree = "<group>";
		};
/* End PBXVariantGroup section */

/* Begin XCBuildConfiguration section */
		A59999E020CEA5D40072D412 /* Debug */ = {
			isa = XCBuildConfiguration;
			buildSettings = {
				ALWAYS_SEARCH_USER_PATHS = NO;
				CLANG_ANALYZER_NONNULL = YES;
				CLANG_ANALYZER_NUMBER_OBJECT_CONVERSION = YES_AGGRESSIVE;
				CLANG_CXX_LANGUAGE_STANDARD = "gnu++14";
				CLANG_CXX_LIBRARY = "libc++";
				CLANG_ENABLE_MODULES = YES;
				CLANG_ENABLE_OBJC_ARC = YES;
				CLANG_ENABLE_OBJC_WEAK = YES;
				CLANG_WARN_BLOCK_CAPTURE_AUTORELEASING = YES;
				CLANG_WARN_BOOL_CONVERSION = YES;
				CLANG_WARN_COMMA = YES;
				CLANG_WARN_CONSTANT_CONVERSION = YES;
				CLANG_WARN_DEPRECATED_OBJC_IMPLEMENTATIONS = YES;
				CLANG_WARN_DIRECT_OBJC_ISA_USAGE = YES_ERROR;
				CLANG_WARN_DOCUMENTATION_COMMENTS = YES;
				CLANG_WARN_EMPTY_BODY = YES;
				CLANG_WARN_ENUM_CONVERSION = YES;
				CLANG_WARN_INFINITE_RECURSION = YES;
				CLANG_WARN_INT_CONVERSION = YES;
				CLANG_WARN_NON_LITERAL_NULL_CONVERSION = YES;
				CLANG_WARN_OBJC_IMPLICIT_RETAIN_SELF = YES;
				CLANG_WARN_OBJC_LITERAL_CONVERSION = YES;
				CLANG_WARN_OBJC_ROOT_CLASS = YES_ERROR;
				CLANG_WARN_RANGE_LOOP_ANALYSIS = YES;
				CLANG_WARN_STRICT_PROTOTYPES = YES;
				CLANG_WARN_SUSPICIOUS_MOVE = YES;
				CLANG_WARN_UNGUARDED_AVAILABILITY = YES_AGGRESSIVE;
				CLANG_WARN_UNREACHABLE_CODE = YES;
				CLANG_WARN__DUPLICATE_METHOD_MATCH = YES;
				CODE_SIGN_IDENTITY = "iPhone Developer";
				COPY_PHASE_STRIP = NO;
				DEBUG_INFORMATION_FORMAT = dwarf;
				ENABLE_STRICT_OBJC_MSGSEND = YES;
				ENABLE_TESTABILITY = YES;
				GCC_C_LANGUAGE_STANDARD = gnu11;
				GCC_DYNAMIC_NO_PIC = NO;
				GCC_NO_COMMON_BLOCKS = YES;
				GCC_OPTIMIZATION_LEVEL = 0;
				GCC_PREPROCESSOR_DEFINITIONS = (
					"DEBUG=1",
					"$(inherited)",
				);
				GCC_WARN_64_TO_32_BIT_CONVERSION = YES;
				GCC_WARN_ABOUT_RETURN_TYPE = YES_ERROR;
				GCC_WARN_UNDECLARED_SELECTOR = YES;
				GCC_WARN_UNINITIALIZED_AUTOS = YES_AGGRESSIVE;
				GCC_WARN_UNUSED_FUNCTION = YES;
				GCC_WARN_UNUSED_VARIABLE = YES;
				IPHONEOS_DEPLOYMENT_TARGET = 11.4;
				MTL_ENABLE_DEBUG_INFO = YES;
				ONLY_ACTIVE_ARCH = YES;
				SDKROOT = iphoneos;
				SWIFT_ACTIVE_COMPILATION_CONDITIONS = DEBUG;
				SWIFT_OPTIMIZATION_LEVEL = "-Onone";
			};
			name = Debug;
		};
		A59999E120CEA5D40072D412 /* Release */ = {
			isa = XCBuildConfiguration;
			buildSettings = {
				ALWAYS_SEARCH_USER_PATHS = NO;
				CLANG_ANALYZER_NONNULL = YES;
				CLANG_ANALYZER_NUMBER_OBJECT_CONVERSION = YES_AGGRESSIVE;
				CLANG_CXX_LANGUAGE_STANDARD = "gnu++14";
				CLANG_CXX_LIBRARY = "libc++";
				CLANG_ENABLE_MODULES = YES;
				CLANG_ENABLE_OBJC_ARC = YES;
				CLANG_ENABLE_OBJC_WEAK = YES;
				CLANG_WARN_BLOCK_CAPTURE_AUTORELEASING = YES;
				CLANG_WARN_BOOL_CONVERSION = YES;
				CLANG_WARN_COMMA = YES;
				CLANG_WARN_CONSTANT_CONVERSION = YES;
				CLANG_WARN_DEPRECATED_OBJC_IMPLEMENTATIONS = YES;
				CLANG_WARN_DIRECT_OBJC_ISA_USAGE = YES_ERROR;
				CLANG_WARN_DOCUMENTATION_COMMENTS = YES;
				CLANG_WARN_EMPTY_BODY = YES;
				CLANG_WARN_ENUM_CONVERSION = YES;
				CLANG_WARN_INFINITE_RECURSION = YES;
				CLANG_WARN_INT_CONVERSION = YES;
				CLANG_WARN_NON_LITERAL_NULL_CONVERSION = YES;
				CLANG_WARN_OBJC_IMPLICIT_RETAIN_SELF = YES;
				CLANG_WARN_OBJC_LITERAL_CONVERSION = YES;
				CLANG_WARN_OBJC_ROOT_CLASS = YES_ERROR;
				CLANG_WARN_RANGE_LOOP_ANALYSIS = YES;
				CLANG_WARN_STRICT_PROTOTYPES = YES;
				CLANG_WARN_SUSPICIOUS_MOVE = YES;
				CLANG_WARN_UNGUARDED_AVAILABILITY = YES_AGGRESSIVE;
				CLANG_WARN_UNREACHABLE_CODE = YES;
				CLANG_WARN__DUPLICATE_METHOD_MATCH = YES;
				CODE_SIGN_IDENTITY = "iPhone Developer";
				COPY_PHASE_STRIP = NO;
				DEBUG_INFORMATION_FORMAT = "dwarf-with-dsym";
				ENABLE_NS_ASSERTIONS = NO;
				ENABLE_STRICT_OBJC_MSGSEND = YES;
				GCC_C_LANGUAGE_STANDARD = gnu11;
				GCC_NO_COMMON_BLOCKS = YES;
				GCC_WARN_64_TO_32_BIT_CONVERSION = YES;
				GCC_WARN_ABOUT_RETURN_TYPE = YES_ERROR;
				GCC_WARN_UNDECLARED_SELECTOR = YES;
				GCC_WARN_UNINITIALIZED_AUTOS = YES_AGGRESSIVE;
				GCC_WARN_UNUSED_FUNCTION = YES;
				GCC_WARN_UNUSED_VARIABLE = YES;
				IPHONEOS_DEPLOYMENT_TARGET = 11.4;
				MTL_ENABLE_DEBUG_INFO = NO;
				SDKROOT = iphoneos;
				SWIFT_COMPILATION_MODE = wholemodule;
				SWIFT_OPTIMIZATION_LEVEL = "-O";
				VALIDATE_PRODUCT = YES;
			};
			name = Release;
		};
		A59999E320CEA5D40072D412 /* Debug */ = {
			isa = XCBuildConfiguration;
			baseConfigurationReference = 2ABA226DFEEF84883123DD6A /* Pods-WeatherMonkey.debug.xcconfig */;
			buildSettings = {
				ASSETCATALOG_COMPILER_APPICON_NAME = AppIcon;
				CODE_SIGN_STYLE = Automatic;
				DEVELOPMENT_TEAM = SR85KRM2TV;
				INFOPLIST_FILE = WeatherMonkey/Info.plist;
				LD_RUNPATH_SEARCH_PATHS = (
					"$(inherited)",
					"@executable_path/Frameworks",
				);
				PRODUCT_BUNDLE_IDENTIFIER = com.vuka.WeatherMonkey;
				PRODUCT_NAME = "$(TARGET_NAME)";
				SWIFT_VERSION = 4.0;
				TARGETED_DEVICE_FAMILY = "1,2";
			};
			name = Debug;
		};
		A59999E420CEA5D40072D412 /* Release */ = {
			isa = XCBuildConfiguration;
			baseConfigurationReference = 670A21436965E4D7D9DE166F /* Pods-WeatherMonkey.release.xcconfig */;
			buildSettings = {
				ASSETCATALOG_COMPILER_APPICON_NAME = AppIcon;
				CODE_SIGN_STYLE = Automatic;
				DEVELOPMENT_TEAM = SR85KRM2TV;
				INFOPLIST_FILE = WeatherMonkey/Info.plist;
				LD_RUNPATH_SEARCH_PATHS = (
					"$(inherited)",
					"@executable_path/Frameworks",
				);
				PRODUCT_BUNDLE_IDENTIFIER = com.vuka.WeatherMonkey;
				PRODUCT_NAME = "$(TARGET_NAME)";
				SWIFT_VERSION = 4.0;
				TARGETED_DEVICE_FAMILY = "1,2";
			};
			name = Release;
		};
/* End XCBuildConfiguration section */

/* Begin XCConfigurationList section */
		A59999CB20CEA5D10072D412 /* Build configuration list for PBXProject "WeatherMonkey" */ = {
			isa = XCConfigurationList;
			buildConfigurations = (
				A59999E020CEA5D40072D412 /* Debug */,
				A59999E120CEA5D40072D412 /* Release */,
			);
			defaultConfigurationIsVisible = 0;
			defaultConfigurationName = Release;
		};
		A59999E220CEA5D40072D412 /* Build configuration list for PBXNativeTarget "WeatherMonkey" */ = {
			isa = XCConfigurationList;
			buildConfigurations = (
				A59999E320CEA5D40072D412 /* Debug */,
				A59999E420CEA5D40072D412 /* Release */,
			);
			defaultConfigurationIsVisible = 0;
			defaultConfigurationName = Release;
		};
/* End XCConfigurationList section */
	};
	rootObject = A59999C820CEA5D10072D412 /* Project object */;
}
